// !$*UTF8*$!
{
	archiveVersion = 1;
	classes = {
	};
	objectVersion = 46;
	objects = {

/* Begin PBXBuildFile section */
		2DDCC27BDD7746EFAD588638 /* libPods-Demo.a in Frameworks */ = {isa = PBXBuildFile; fileRef = E341255135F52A0D96B9AA74 /* libPods-Demo.a */; };
		CFF98F781DCB2C94005AEC54 /* main.m in Sources */ = {isa = PBXBuildFile; fileRef = CFF98F771DCB2C94005AEC54 /* main.m */; };
		CFF98F7B1DCB2C94005AEC54 /* AppDelegate.m in Sources */ = {isa = PBXBuildFile; fileRef = CFF98F7A1DCB2C94005AEC54 /* AppDelegate.m */; };
		CFF98F7E1DCB2C94005AEC54 /* ViewController.m in Sources */ = {isa = PBXBuildFile; fileRef = CFF98F7D1DCB2C94005AEC54 /* ViewController.m */; };
		CFF98F811DCB2C94005AEC54 /* Main.storyboard in Resources */ = {isa = PBXBuildFile; fileRef = CFF98F7F1DCB2C94005AEC54 /* Main.storyboard */; };
		CFF98F831DCB2C95005AEC54 /* Assets.xcassets in Resources */ = {isa = PBXBuildFile; fileRef = CFF98F821DCB2C95005AEC54 /* Assets.xcassets */; };
		CFF98F861DCB2C95005AEC54 /* LaunchScreen.storyboard in Resources */ = {isa = PBXBuildFile; fileRef = CFF98F841DCB2C95005AEC54 /* LaunchScreen.storyboard */; };
/* End PBXBuildFile section */

/* Begin PBXFileReference section */
		00982EFBA41929C6FDED2892 /* Pods-Demo.release.xcconfig */ = {isa = PBXFileReference; includeInIndex = 1; lastKnownFileType = text.xcconfig; name = "Pods-Demo.release.xcconfig"; path = "Pods/Target Support Files/Pods-Demo/Pods-Demo.release.xcconfig"; sourceTree = "<group>"; };
		CFF98F731DCB2C94005AEC54 /* Demo.app */ = {isa = PBXFileReference; explicitFileType = wrapper.application; includeInIndex = 0; path = Demo.app; sourceTree = BUILT_PRODUCTS_DIR; };
		CFF98F771DCB2C94005AEC54 /* main.m */ = {isa = PBXFileReference; lastKnownFileType = sourcecode.c.objc; path = main.m; sourceTree = "<group>"; };
		CFF98F791DCB2C94005AEC54 /* AppDelegate.h */ = {isa = PBXFileReference; lastKnownFileType = sourcecode.c.h; path = AppDelegate.h; sourceTree = "<group>"; };
		CFF98F7A1DCB2C94005AEC54 /* AppDelegate.m */ = {isa = PBXFileReference; lastKnownFileType = sourcecode.c.objc; path = AppDelegate.m; sourceTree = "<group>"; };
		CFF98F7C1DCB2C94005AEC54 /* ViewController.h */ = {isa = PBXFileReference; lastKnownFileType = sourcecode.c.h; path = ViewController.h; sourceTree = "<group>"; };
		CFF98F7D1DCB2C94005AEC54 /* ViewController.m */ = {isa = PBXFileReference; lastKnownFileType = sourcecode.c.objc; path = ViewController.m; sourceTree = "<group>"; };
		CFF98F801DCB2C94005AEC54 /* Base */ = {isa = PBXFileReference; lastKnownFileType = file.storyboard; name = Base; path = Base.lproj/Main.storyboard; sourceTree = "<group>"; };
		CFF98F821DCB2C95005AEC54 /* Assets.xcassets */ = {isa = PBXFileReference; lastKnownFileType = folder.assetcatalog; path = Assets.xcassets; sourceTree = "<group>"; };
		CFF98F851DCB2C95005AEC54 /* Base */ = {isa = PBXFileReference; lastKnownFileType = file.storyboard; name = Base; path = Base.lproj/LaunchScreen.storyboard; sourceTree = "<group>"; };
		CFF98F871DCB2C95005AEC54 /* Info.plist */ = {isa = PBXFileReference; lastKnownFileType = text.plist.xml; path = Info.plist; sourceTree = "<group>"; };
		DA353441312738DC53657863 /* Pods-Demo.debug.xcconfig */ = {isa = PBXFileReference; includeInIndex = 1; lastKnownFileType = text.xcconfig; name = "Pods-Demo.debug.xcconfig"; path = "Pods/Target Support Files/Pods-Demo/Pods-Demo.debug.xcconfig"; sourceTree = "<group>"; };
		E341255135F52A0D96B9AA74 /* libPods-Demo.a */ = {isa = PBXFileReference; explicitFileType = archive.ar; includeInIndex = 0; path = "libPods-Demo.a"; sourceTree = BUILT_PRODUCTS_DIR; };
/* End PBXFileReference section */

/* Begin PBXFrameworksBuildPhase section */
		CFF98F701DCB2C94005AEC54 /* Frameworks */ = {
			isa = PBXFrameworksBuildPhase;
			buildActionMask = 2147483647;
			files = (
				2DDCC27BDD7746EFAD588638 /* libPods-Demo.a in Frameworks */,
			);
			runOnlyForDeploymentPostprocessing = 0;
		};
/* End PBXFrameworksBuildPhase section */

/* Begin PBXGroup section */
		000D2C4DF688EF43E05E8533 /* Pods */ = {
			isa = PBXGroup;
			children = (
				DA353441312738DC53657863 /* Pods-Demo.debug.xcconfig */,
				00982EFBA41929C6FDED2892 /* Pods-Demo.release.xcconfig */,
			);
			name = Pods;
			sourceTree = "<group>";
		};
		579C809E2CE731FF0A0C837A /* Frameworks */ = {
			isa = PBXGroup;
			children = (
				E341255135F52A0D96B9AA74 /* libPods-Demo.a */,
			);
			name = Frameworks;
			sourceTree = "<group>";
		};
		CFF98F6A1DCB2C94005AEC54 = {
			isa = PBXGroup;
			children = (
				CFF98F751DCB2C94005AEC54 /* Demo */,
				CFF98F741DCB2C94005AEC54 /* Products */,
				000D2C4DF688EF43E05E8533 /* Pods */,
				579C809E2CE731FF0A0C837A /* Frameworks */,
			);
			sourceTree = "<group>";
		};
		CFF98F741DCB2C94005AEC54 /* Products */ = {
			isa = PBXGroup;
			children = (
				CFF98F731DCB2C94005AEC54 /* Demo.app */,
			);
			name = Products;
			sourceTree = "<group>";
		};
		CFF98F751DCB2C94005AEC54 /* Demo */ = {
			isa = PBXGroup;
			children = (
				CFF98F791DCB2C94005AEC54 /* AppDelegate.h */,
				CFF98F7A1DCB2C94005AEC54 /* AppDelegate.m */,
				CFF98F7C1DCB2C94005AEC54 /* ViewController.h */,
				CFF98F7D1DCB2C94005AEC54 /* ViewController.m */,
				CFF98F7F1DCB2C94005AEC54 /* Main.storyboard */,
				CFF98F821DCB2C95005AEC54 /* Assets.xcassets */,
				CFF98F841DCB2C95005AEC54 /* LaunchScreen.storyboard */,
				CFF98F871DCB2C95005AEC54 /* Info.plist */,
				CFF98F761DCB2C94005AEC54 /* Supporting Files */,
			);
			path = Demo;
			sourceTree = "<group>";
		};
		CFF98F761DCB2C94005AEC54 /* Supporting Files */ = {
			isa = PBXGroup;
			children = (
				CFF98F771DCB2C94005AEC54 /* main.m */,
			);
			name = "Supporting Files";
			sourceTree = "<group>";
		};
/* End PBXGroup section */

/* Begin PBXNativeTarget section */
		CFF98F721DCB2C94005AEC54 /* Demo */ = {
			isa = PBXNativeTarget;
			buildConfigurationList = CFF98F8A1DCB2C95005AEC54 /* Build configuration list for PBXNativeTarget "Demo" */;
			buildPhases = (
				FF60360424D6BE49B01ECD59 /* [CP] Check Pods Manifest.lock */,
				CFF98F6F1DCB2C94005AEC54 /* Sources */,
				CFF98F701DCB2C94005AEC54 /* Frameworks */,
				CFF98F711DCB2C94005AEC54 /* Resources */,
				669546A5D441629D37CCB60E /* [CP] Embed Pods Frameworks */,
				4AF7CAEFBCCA28C58704DB1F /* [CP] Copy Pods Resources */,
			);
			buildRules = (
			);
			dependencies = (
			);
			name = Demo;
			productName = Demo;
			productReference = CFF98F731DCB2C94005AEC54 /* Demo.app */;
			productType = "com.apple.product-type.application";
		};
/* End PBXNativeTarget section */

/* Begin PBXProject section */
		CFF98F6B1DCB2C94005AEC54 /* Project object */ = {
			isa = PBXProject;
			attributes = {
				LastUpgradeCheck = 0810;
				ORGANIZATIONNAME = luqiuan;
				TargetAttributes = {
					CFF98F721DCB2C94005AEC54 = {
						CreatedOnToolsVersion = 8.1;
						ProvisioningStyle = Automatic;
					};
				};
			};
			buildConfigurationList = CFF98F6E1DCB2C94005AEC54 /* Build configuration list for PBXProject "Demo" */;
			compatibilityVersion = "Xcode 3.2";
			developmentRegion = English;
			hasScannedForEncodings = 0;
			knownRegions = (
				en,
				Base,
			);
			mainGroup = CFF98F6A1DCB2C94005AEC54;
			productRefGroup = CFF98F741DCB2C94005AEC54 /* Products */;
			projectDirPath = "";
			projectRoot = "";
			targets = (
				CFF98F721DCB2C94005AEC54 /* Demo */,
			);
		};
/* End PBXProject section */

/* Begin PBXResourcesBuildPhase section */
		CFF98F711DCB2C94005AEC54 /* Resources */ = {
			isa = PBXResourcesBuildPhase;
			buildActionMask = 2147483647;
			files = (
				CFF98F861DCB2C95005AEC54 /* LaunchScreen.storyboard in Resources */,
				CFF98F831DCB2C95005AEC54 /* Assets.xcassets in Resources */,
				CFF98F811DCB2C94005AEC54 /* Main.storyboard in Resources */,
			);
			runOnlyForDeploymentPostprocessing = 0;
		};
/* End PBXResourcesBuildPhase section */

/* Begin PBXShellScriptBuildPhase section */
		4AF7CAEFBCCA28C58704DB1F /* [CP] Copy Pods Resources */ = {
			isa = PBXShellScriptBuildPhase;
			buildActionMask = 2147483647;
			files = (
			);
			inputPaths = (
			);
			name = "[CP] Copy Pods Resources";
			outputPaths = (
			);
			runOnlyForDeploymentPostprocessing = 0;
			shellPath = /bin/sh;
			shellScript = "\"${SRCROOT}/Pods/Target Support Files/Pods-Demo/Pods-Demo-resources.sh\"\n";
			showEnvVarsInLog = 0;
		};
		669546A5D441629D37CCB60E /* [CP] Embed Pods Frameworks */ = {
			isa = PBXShellScriptBuildPhase;
			buildActionMask = 2147483647;
			files = (
			);
			inputPaths = (
			);
			name = "[CP] Embed Pods Frameworks";
			outputPaths = (
			);
			runOnlyForDeploymentPostprocessing = 0;
			shellPath = /bin/sh;
			shellScript = "\"${SRCROOT}/Pods/Target Support Files/Pods-Demo/Pods-Demo-frameworks.sh\"\n";
			showEnvVarsInLog = 0;
		};
		FF60360424D6BE49B01ECD59 /* [CP] Check Pods Manifest.lock */ = {
			isa = PBXShellScriptBuildPhase;
			buildActionMask = 2147483647;
			files = (
			);
			inputPaths = (
			);
			name = "[CP] Check Pods Manifest.lock";
			outputPaths = (
			);
			runOnlyForDeploymentPostprocessing = 0;
			shellPath = /bin/sh;
			shellScript = "diff \"${PODS_ROOT}/../Podfile.lock\" \"${PODS_ROOT}/Manifest.lock\" > /dev/null\nif [ $? != 0 ] ; then\n    # print error to STDERR\n    echo \"error: The sandbox is not in sync with the Podfile.lock. Run 'pod install' or update your CocoaPods installation.\" >&2\n    exit 1\nfi\n";
			showEnvVarsInLog = 0;
		};
/* End PBXShellScriptBuildPhase section */

/* Begin PBXSourcesBuildPhase section */
		CFF98F6F1DCB2C94005AEC54 /* Sources */ = {
			isa = PBXSourcesBuildPhase;
			buildActionMask = 2147483647;
			files = (
				CFF98F7E1DCB2C94005AEC54 /* ViewController.m in Sources */,
				CFF98F7B1DCB2C94005AEC54 /* AppDelegate.m in Sources */,
				CFF98F781DCB2C94005AEC54 /* main.m in Sources */,
			);
			runOnlyForDeploymentPostprocessing = 0;
		};
/* End PBXSourcesBuildPhase section */

/* Begin PBXVariantGroup section */
		CFF98F7F1DCB2C94005AEC54 /* Main.storyboard */ = {
			isa = PBXVariantGroup;
			children = (
				CFF98F801DCB2C94005AEC54 /* Base */,
			);
			name = Main.storyboard;
			sourceTree = "<group>";
		};
		CFF98F841DCB2C95005AEC54 /* LaunchScreen.storyboard */ = {
			isa = PBXVariantGroup;
			children = (
				CFF98F851DCB2C95005AEC54 /* Base */,
			);
			name = LaunchScreen.storyboard;
			sourceTree = "<group>";
		};
/* End PBXVariantGroup section */

/* Begin XCBuildConfiguration section */
		CFF98F881DCB2C95005AEC54 /* Debug */ = {
			isa = XCBuildConfiguration;
			buildSettings = {
				ALWAYS_SEARCH_USER_PATHS = NO;
				CLANG_ANALYZER_NONNULL = YES;
				CLANG_CXX_LANGUAGE_STANDARD = "gnu++0x";
				CLANG_CXX_LIBRARY = "libc++";
				CLANG_ENABLE_MODULES = YES;
				CLANG_ENABLE_OBJC_ARC = YES;
				CLANG_WARN_BOOL_CONVERSION = YES;
				CLANG_WARN_CONSTANT_CONVERSION = YES;
				CLANG_WARN_DIRECT_OBJC_ISA_USAGE = YES_ERROR;
				CLANG_WARN_DOCUMENTATION_COMMENTS = YES;
				CLANG_WARN_EMPTY_BODY = YES;
				CLANG_WARN_ENUM_CONVERSION = YES;
				CLANG_WARN_INFINITE_RECURSION = YES;
				CLANG_WARN_INT_CONVERSION = YES;
				CLANG_WARN_OBJC_ROOT_CLASS = YES_ERROR;
				CLANG_WARN_SUSPICIOUS_MOVES = YES;
				CLANG_WARN_UNREACHABLE_CODE = YES;
				CLANG_WARN__DUPLICATE_METHOD_MATCH = YES;
				"CODE_SIGN_IDENTITY[sdk=iphoneos*]" = "iPhone Developer";
				COPY_PHASE_STRIP = NO;
				DEBUG_INFORMATION_FORMAT = dwarf;
				ENABLE_STRICT_OBJC_MSGSEND = YES;
				ENABLE_TESTABILITY = YES;
				GCC_C_LANGUAGE_STANDARD = gnu99;
				GCC_DYNAMIC_NO_PIC = NO;
				GCC_NO_COMMON_BLOCKS = YES;
				GCC_OPTIMIZATION_LEVEL = 0;
				GCC_PREPROCESSOR_DEFINITIONS = (
					"DEBUG=1",
					"$(inherited)",
				);
				GCC_WARN_64_TO_32_BIT_CONVERSION = YES;
				GCC_WARN_ABOUT_RETURN_TYPE = YES_ERROR;
				GCC_WARN_UNDECLARED_SELECTOR = YES;
				GCC_WARN_UNINITIALIZED_AUTOS = YES_AGGRESSIVE;
				GCC_WARN_UNUSED_FUNCTION = YES;
				GCC_WARN_UNUSED_VARIABLE = YES;
				IPHONEOS_DEPLOYMENT_TARGET = 10.1;
				MTL_ENABLE_DEBUG_INFO = YES;
				ONLY_ACTIVE_ARCH = YES;
				SDKROOT = iphoneos;
			};
			name = Debug;
		};
		CFF98F891DCB2C95005AEC54 /* Release */ = {
			isa = XCBuildConfiguration;
			buildSettings = {
				ALWAYS_SEARCH_USER_PATHS = NO;
				CLANG_ANALYZER_NONNULL = YES;
				CLANG_CXX_LANGUAGE_STANDARD = "gnu++0x";
				CLANG_CXX_LIBRARY = "libc++";
				CLANG_ENABLE_MODULES = YES;
				CLANG_ENABLE_OBJC_ARC = YES;
				CLANG_WARN_BOOL_CONVERSION = YES;
				CLANG_WARN_CONSTANT_CONVERSION = YES;
				CLANG_WARN_DIRECT_OBJC_ISA_USAGE = YES_ERROR;
				CLANG_WARN_DOCUMENTATION_COMMENTS = YES;
				CLANG_WARN_EMPTY_BODY = YES;
				CLANG_WARN_ENUM_CONVERSION = YES;
				CLANG_WARN_INFINITE_RECURSION = YES;
				CLANG_WARN_INT_CONVERSION = YES;
				CLANG_WARN_OBJC_ROOT_CLASS = YES_ERROR;
				CLANG_WARN_SUSPICIOUS_MOVES = YES;
				CLANG_WARN_UNREACHABLE_CODE = YES;
				CLANG_WARN__DUPLICATE_METHOD_MATCH = YES;
				"CODE_SIGN_IDENTITY[sdk=iphoneos*]" = "iPhone Developer";
				COPY_PHASE_STRIP = NO;
				DEBUG_INFORMATION_FORMAT = "dwarf-with-dsym";
				ENABLE_NS_ASSERTIONS = NO;
				ENABLE_STRICT_OBJC_MSGSEND = YES;
				GCC_C_LANGUAGE_STANDARD = gnu99;
				GCC_NO_COMMON_BLOCKS = YES;
				GCC_WARN_64_TO_32_BIT_CONVERSION = YES;
				GCC_WARN_ABOUT_RETURN_TYPE = YES_ERROR;
				GCC_WARN_UNDECLARED_SELECTOR = YES;
				GCC_WARN_UNINITIALIZED_AUTOS = YES_AGGRESSIVE;
				GCC_WARN_UNUSED_FUNCTION = YES;
				GCC_WARN_UNUSED_VARIABLE = YES;
				IPHONEOS_DEPLOYMENT_TARGET = 10.1;
				MTL_ENABLE_DEBUG_INFO = NO;
				SDKROOT = iphoneos;
				VALIDATE_PRODUCT = YES;
			};
			name = Release;
		};
		CFF98F8B1DCB2C95005AEC54 /* Debug */ = {
			isa = XCBuildConfiguration;
			baseConfigurationReference = DA353441312738DC53657863 /* Pods-Demo.debug.xcconfig */;
			buildSettings = {
				ASSETCATALOG_COMPILER_APPICON_NAME = AppIcon;
				INFOPLIST_FILE = Demo/Info.plist;
				LD_RUNPATH_SEARCH_PATHS = "$(inherited) @executable_path/Frameworks";
				PRODUCT_BUNDLE_IDENTIFIER = com.fan.Demo;
				PRODUCT_NAME = "$(TARGET_NAME)";
			};
			name = Debug;
		};
		CFF98F8C1DCB2C95005AEC54 /* Release */ = {
			isa = XCBuildConfiguration;
			baseConfigurationReference = 00982EFBA41929C6FDED2892 /* Pods-Demo.release.xcconfig */;
			buildSettings = {
				ASSETCATALOG_COMPILER_APPICON_NAME = AppIcon;
				INFOPLIST_FILE = Demo/Info.plist;
				LD_RUNPATH_SEARCH_PATHS = "$(inherited) @executable_path/Frameworks";
				PRODUCT_BUNDLE_IDENTIFIER = com.fan.Demo;
				PRODUCT_NAME = "$(TARGET_NAME)";
			};
			name = Release;
		};
/* End XCBuildConfiguration section */

/* Begin XCConfigurationList section */
		CFF98F6E1DCB2C94005AEC54 /* Build configuration list for PBXProject "Demo" */ = {
			isa = XCConfigurationList;
			buildConfigurations = (
				CFF98F881DCB2C95005AEC54 /* Debug */,
				CFF98F891DCB2C95005AEC54 /* Release */,
			);
			defaultConfigurationIsVisible = 0;
			defaultConfigurationName = Release;
		};
		CFF98F8A1DCB2C95005AEC54 /* Build configuration list for PBXNativeTarget "Demo" */ = {
			isa = XCConfigurationList;
			buildConfigurations = (
				CFF98F8B1DCB2C95005AEC54 /* Debug */,
				CFF98F8C1DCB2C95005AEC54 /* Release */,
			);
			defaultConfigurationIsVisible = 0;
			defaultConfigurationName = Release;
		};
/* End XCConfigurationList section */
	};
	rootObject = CFF98F6B1DCB2C94005AEC54 /* Project object */;
}
